
Microsoft Visual Studio Solution File, Format Version 12.00
# Visual Studio Version 16
VisualStudioVersion = 16.0.31321.278
MinimumVisualStudioVersion = 10.0.40219.1
Project("{FAE04EC0-301F-11D3-BF4B-00C04F79EFBC}") = "Raw", "Raw\Raw.csproj", "{8BC8D622-16F5-45E4-940B-0339EBB55ADD}"
EndProject
Project("{FAE04EC0-301F-11D3-BF4B-00C04F79EFBC}") = "DAL", "DAL\DAL.csproj", "{D2B42FE3-0104-40C1-BA47-F02D2FFE87D4}"
EndProject
Global
	GlobalSection(SolutionConfigurationPlatforms) = preSolution
		Debug|Any CPU = Debug|Any CPU
		Release|Any CPU = Release|Any CPU
	EndGlobalSection
	GlobalSection(ProjectConfigurationPlatforms) = postSolution
		{8BC8D622-16F5-45E4-940B-0339EBB55ADD}.Debug|Any CPU.ActiveCfg = Debug|Any CPU
		{8BC8D622-16F5-45E4-940B-0339EBB55ADD}.Debug|Any CPU.Build.0 = Debug|Any CPU
		{8BC8D622-16F5-45E4-940B-0339EBB55ADD}.Release|Any CPU.ActiveCfg = Release|Any CPU
		{8BC8D622-16F5-45E4-940B-0339EBB55ADD}.Release|Any CPU.Build.0 = Release|Any CPU
		{D2B42FE3-0104-40C1-BA47-F02D2FFE87D4}.Debug|Any CPU.ActiveCfg = Debug|Any CPU
		{D2B42FE3-0104-40C1-BA47-F02D2FFE87D4}.Debug|Any CPU.Build.0 = Debug|Any CPU
		{D2B42FE3-0104-40C1-BA47-F02D2FFE87D4}.Release|Any CPU.ActiveCfg = Release|Any CPU
		{D2B42FE3-0104-40C1-BA47-F02D2FFE87D4}.Release|Any CPU.Build.0 = Release|Any CPU
	EndGlobalSection
	GlobalSection(SolutionProperties) = preSolution
		HideSolutionNode = FALSE
	EndGlobalSection
	GlobalSection(ExtensibilityGlobals) = postSolution
		SolutionGuid = {CFE026D5-4D6B-4BC4-8CBF-D64F65EBD97B}
	EndGlobalSection
EndGlobal
